
Microsoft Visual Studio Solution File, Format Version 12.00
# Visual Studio 15
VisualStudioVersion = 15.0.27428.2043
MinimumVisualStudioVersion = 10.0.40219.1
Project("{FAE04EC0-301F-11D3-BF4B-00C04F79EFBC}") = "OficinaMecanica", "OficinaMecanica\OficinaMecanica.csproj", "{8EFF62C8-2596-45C8-8F9E-56C2919DBA16}"
EndProject
Global
	GlobalSection(SolutionConfigurationPlatforms) = preSolution
		Debug|Any CPU = Debug|Any CPU
		Release|Any CPU = Release|Any CPU
	EndGlobalSection
	GlobalSection(ProjectConfigurationPlatforms) = postSolution
		{8EFF62C8-2596-45C8-8F9E-56C2919DBA16}.Debug|Any CPU.ActiveCfg = Debug|Any CPU
		{8EFF62C8-2596-45C8-8F9E-56C2919DBA16}.Debug|Any CPU.Build.0 = Debug|Any CPU
		{8EFF62C8-2596-45C8-8F9E-56C2919DBA16}.Release|Any CPU.ActiveCfg = Release|Any CPU
		{8EFF62C8-2596-45C8-8F9E-56C2919DBA16}.Release|Any CPU.Build.0 = Release|Any CPU
	EndGlobalSection
	GlobalSection(SolutionProperties) = preSolution
		HideSolutionNode = FALSE
	EndGlobalSection
	GlobalSection(ExtensibilityGlobals) = postSolution
		SolutionGuid = {344BD5B7-AE4C-409C-B830-D2AEE9BA1532}
	EndGlobalSection
EndGlobal
